
Microsoft Visual Studio Solution File, Format Version 12.00
# Visual Studio Version 16
VisualStudioVersion = 16.0.33529.622
MinimumVisualStudioVersion = 10.0.40219.1
Project("{8BC9CEB8-8B4A-11D0-8D11-00A0C91BC942}") = "TaskScheduler", "TaskScheduler\TaskScheduler.vcxproj", "{8BB8664A-4EF0-4436-997B-33B0D12D1BCB}"
EndProject
Project("{8BC9CEB8-8B4A-11D0-8D11-00A0C91BC942}") = "StatusMessageBox", "StatusMessageBox\StatusMessageBox.vcxproj", "{33B9E588-E024-4E87-BC27-EA6802EE8C89}"
EndProject
Global
	GlobalSection(SolutionConfigurationPlatforms) = preSolution
		Debug|x64 = Debug|x64
		Debug|x86 = Debug|x86
		Release|x64 = Release|x64
		Release|x86 = Release|x86
	EndGlobalSection
	GlobalSection(ProjectConfigurationPlatforms) = postSolution
		{8BB8664A-4EF0-4436-997B-33B0D12D1BCB}.Debug|x64.ActiveCfg = Debug|x64
		{8BB8664A-4EF0-4436-997B-33B0D12D1BCB}.Debug|x64.Build.0 = Debug|x64
		{8BB8664A-4EF0-4436-997B-33B0D12D1BCB}.Debug|x86.ActiveCfg = Debug|Win32
		{8BB8664A-4EF0-4436-997B-33B0D12D1BCB}.Debug|x86.Build.0 = Debug|Win32
		{8BB8664A-4EF0-4436-997B-33B0D12D1BCB}.Release|x64.ActiveCfg = Release|x64
		{8BB8664A-4EF0-4436-997B-33B0D12D1BCB}.Release|x64.Build.0 = Release|x64
		{8BB8664A-4EF0-4436-997B-33B0D12D1BCB}.Release|x86.ActiveCfg = Release|Win32
		{8BB8664A-4EF0-4436-997B-33B0D12D1BCB}.Release|x86.Build.0 = Release|Win32
		{33B9E588-E024-4E87-BC27-EA6802EE8C89}.Debug|x64.ActiveCfg = Debug|x64
		{33B9E588-E024-4E87-BC27-EA6802EE8C89}.Debug|x64.Build.0 = Debug|x64
		{33B9E588-E024-4E87-BC27-EA6802EE8C89}.Debug|x86.ActiveCfg = Debug|Win32
		{33B9E588-E024-4E87-BC27-EA6802EE8C89}.Debug|x86.Build.0 = Debug|Win32
		{33B9E588-E024-4E87-BC27-EA6802EE8C89}.Release|x64.ActiveCfg = Release|x64
		{33B9E588-E024-4E87-BC27-EA6802EE8C89}.Release|x64.Build.0 = Release|x64
		{33B9E588-E024-4E87-BC27-EA6802EE8C89}.Release|x86.ActiveCfg = Release|Win32
		{33B9E588-E024-4E87-BC27-EA6802EE8C89}.Release|x86.Build.0 = Release|Win32
	EndGlobalSection
	GlobalSection(SolutionProperties) = preSolution
		HideSolutionNode = FALSE
	EndGlobalSection
	GlobalSection(ExtensibilityGlobals) = postSolution
		SolutionGuid = {7202259D-1649-4F54-A08A-F61070CDD619}
	EndGlobalSection
EndGlobal
